{
  "requires": true,
  "lockfileVersion": 1,
  "dependencies": {
    "lyric-parser": {
      "version": "1.0.1",
      "resolved": "https://registry.npmjs.org/lyric-parser/-/lyric-parser-1.0.1.tgz",
      "integrity": "sha1-ofiqd2U8+Ufs+U31HV+Bavye1Ew="
    },
    "vue-router": {
      "version": "3.4.9",
      "resolved": "https://registry.npmjs.org/vue-router/-/vue-router-3.4.9.tgz",
      "integrity": "sha512-CGAKWN44RqXW06oC+u4mPgHLQQi2t6vLD/JbGRDAXm0YpMv0bgpKuU5bBd7AvMgfTz9kXVRIWKHqRwGEb8xFkA=="
    },
    "vuex": {
      "version": "3.4.0",
      "resolved": "https://registry.npmjs.org/vuex/-/vuex-3.4.0.tgz",
      "integrity": "sha512-ajtqwEW/QhnrBZQsZxCLHThZZaa+Db45c92Asf46ZDXu6uHXgbfVuBaJ4gzD2r4UX0oMJHstFwd2r2HM4l8umg=="
    }
  }
}
